
Microsoft Visual Studio Solution File, Format Version 12.00
# Visual Studio Version 17
VisualStudioVersion = 17.9.34714.143
MinimumVisualStudioVersion = 10.0.40219.1
Project("{FAE04EC0-301F-11D3-BF4B-00C04F79EFBC}") = "Character Sequence", "Character Sequence\Character Sequence.csproj", "{E66D909B-9E76-493C-9DC6-DC376EB1A7EE}"
EndProject
Global
	GlobalSection(SolutionConfigurationPlatforms) = preSolution
		Debug|Any CPU = Debug|Any CPU
		Release|Any CPU = Release|Any CPU
	EndGlobalSection
	GlobalSection(ProjectConfigurationPlatforms) = postSolution
		{E66D909B-9E76-493C-9DC6-DC376EB1A7EE}.Debug|Any CPU.ActiveCfg = Debug|Any CPU
		{E66D909B-9E76-493C-9DC6-DC376EB1A7EE}.Debug|Any CPU.Build.0 = Debug|Any CPU
		{E66D909B-9E76-493C-9DC6-DC376EB1A7EE}.Release|Any CPU.ActiveCfg = Release|Any CPU
		{E66D909B-9E76-493C-9DC6-DC376EB1A7EE}.Release|Any CPU.Build.0 = Release|Any CPU
	EndGlobalSection
	GlobalSection(SolutionProperties) = preSolution
		HideSolutionNode = FALSE
	EndGlobalSection
	GlobalSection(ExtensibilityGlobals) = postSolution
		SolutionGuid = {A528B23B-07B4-447B-AB19-9CC3C6AC4383}
	EndGlobalSection
EndGlobal
