
Microsoft Visual Studio Solution File, Format Version 12.00
# Visual Studio Version 17
VisualStudioVersion = 17.9.34714.143
MinimumVisualStudioVersion = 10.0.40219.1
Project("{FAE04EC0-301F-11D3-BF4B-00C04F79EFBC}") = "Greater Number", "Greater Number\Greater Number.csproj", "{B9BC269A-F29D-4572-A1D7-6E7EA37EBD10}"
EndProject
Global
	GlobalSection(SolutionConfigurationPlatforms) = preSolution
		Debug|Any CPU = Debug|Any CPU
		Release|Any CPU = Release|Any CPU
	EndGlobalSection
	GlobalSection(ProjectConfigurationPlatforms) = postSolution
		{B9BC269A-F29D-4572-A1D7-6E7EA37EBD10}.Debug|Any CPU.ActiveCfg = Debug|Any CPU
		{B9BC269A-F29D-4572-A1D7-6E7EA37EBD10}.Debug|Any CPU.Build.0 = Debug|Any CPU
		{B9BC269A-F29D-4572-A1D7-6E7EA37EBD10}.Release|Any CPU.ActiveCfg = Release|Any CPU
		{B9BC269A-F29D-4572-A1D7-6E7EA37EBD10}.Release|Any CPU.Build.0 = Release|Any CPU
	EndGlobalSection
	GlobalSection(SolutionProperties) = preSolution
		HideSolutionNode = FALSE
	EndGlobalSection
	GlobalSection(ExtensibilityGlobals) = postSolution
		SolutionGuid = {389040CF-27AD-4C58-9A81-5D6F8F4335F5}
	EndGlobalSection
EndGlobal
