
Microsoft Visual Studio Solution File, Format Version 12.00
# Visual Studio Version 17
VisualStudioVersion = 17.9.34714.143
MinimumVisualStudioVersion = 10.0.40219.1
Project("{FAE04EC0-301F-11D3-BF4B-00C04F79EFBC}") = "Building", "Building\Building.csproj", "{7CD0963A-9456-49A9-8661-BE18E6C48174}"
EndProject
Global
	GlobalSection(SolutionConfigurationPlatforms) = preSolution
		Debug|Any CPU = Debug|Any CPU
		Release|Any CPU = Release|Any CPU
	EndGlobalSection
	GlobalSection(ProjectConfigurationPlatforms) = postSolution
		{7CD0963A-9456-49A9-8661-BE18E6C48174}.Debug|Any CPU.ActiveCfg = Debug|Any CPU
		{7CD0963A-9456-49A9-8661-BE18E6C48174}.Debug|Any CPU.Build.0 = Debug|Any CPU
		{7CD0963A-9456-49A9-8661-BE18E6C48174}.Release|Any CPU.ActiveCfg = Release|Any CPU
		{7CD0963A-9456-49A9-8661-BE18E6C48174}.Release|Any CPU.Build.0 = Release|Any CPU
	EndGlobalSection
	GlobalSection(SolutionProperties) = preSolution
		HideSolutionNode = FALSE
	EndGlobalSection
	GlobalSection(ExtensibilityGlobals) = postSolution
		SolutionGuid = {21C154B0-C1EF-4A73-8EC0-C76DE1874187}
	EndGlobalSection
EndGlobal
