
Microsoft Visual Studio Solution File, Format Version 12.00
# Visual Studio Version 17
VisualStudioVersion = 17.9.34714.143
MinimumVisualStudioVersion = 10.0.40219.1
Project("{FAE04EC0-301F-11D3-BF4B-00C04F79EFBC}") = "Numbers from 1 to 100", "Numbers from 1 to 100\Numbers from 1 to 100.csproj", "{C702EB81-2A82-4D67-8084-4A1A6E68F4B5}"
EndProject
Global
	GlobalSection(SolutionConfigurationPlatforms) = preSolution
		Debug|Any CPU = Debug|Any CPU
		Release|Any CPU = Release|Any CPU
	EndGlobalSection
	GlobalSection(ProjectConfigurationPlatforms) = postSolution
		{C702EB81-2A82-4D67-8084-4A1A6E68F4B5}.Debug|Any CPU.ActiveCfg = Debug|Any CPU
		{C702EB81-2A82-4D67-8084-4A1A6E68F4B5}.Debug|Any CPU.Build.0 = Debug|Any CPU
		{C702EB81-2A82-4D67-8084-4A1A6E68F4B5}.Release|Any CPU.ActiveCfg = Release|Any CPU
		{C702EB81-2A82-4D67-8084-4A1A6E68F4B5}.Release|Any CPU.Build.0 = Release|Any CPU
	EndGlobalSection
	GlobalSection(SolutionProperties) = preSolution
		HideSolutionNode = FALSE
	EndGlobalSection
	GlobalSection(ExtensibilityGlobals) = postSolution
		SolutionGuid = {2E086DA9-9839-4D9D-80BC-CCB4359EA778}
	EndGlobalSection
EndGlobal
