
Microsoft Visual Studio Solution File, Format Version 12.00
# Visual Studio Version 17
VisualStudioVersion = 17.9.34714.143
MinimumVisualStudioVersion = 10.0.40219.1
Project("{FAE04EC0-301F-11D3-BF4B-00C04F79EFBC}") = "Supplies for School", "Supplies for School\Supplies for School.csproj", "{4D3123EA-FFAD-4467-BCD1-5E9DA40E368C}"
EndProject
Global
	GlobalSection(SolutionConfigurationPlatforms) = preSolution
		Debug|Any CPU = Debug|Any CPU
		Release|Any CPU = Release|Any CPU
	EndGlobalSection
	GlobalSection(ProjectConfigurationPlatforms) = postSolution
		{4D3123EA-FFAD-4467-BCD1-5E9DA40E368C}.Debug|Any CPU.ActiveCfg = Debug|Any CPU
		{4D3123EA-FFAD-4467-BCD1-5E9DA40E368C}.Debug|Any CPU.Build.0 = Debug|Any CPU
		{4D3123EA-FFAD-4467-BCD1-5E9DA40E368C}.Release|Any CPU.ActiveCfg = Release|Any CPU
		{4D3123EA-FFAD-4467-BCD1-5E9DA40E368C}.Release|Any CPU.Build.0 = Release|Any CPU
	EndGlobalSection
	GlobalSection(SolutionProperties) = preSolution
		HideSolutionNode = FALSE
	EndGlobalSection
	GlobalSection(ExtensibilityGlobals) = postSolution
		SolutionGuid = {EF6D6A0B-2FE2-43A7-BD79-9CC1CE68926E}
	EndGlobalSection
EndGlobal
