
Microsoft Visual Studio Solution File, Format Version 12.00
# Visual Studio Version 17
VisualStudioVersion = 17.9.34714.143
MinimumVisualStudioVersion = 10.0.40219.1
Project("{FAE04EC0-301F-11D3-BF4B-00C04F79EFBC}") = "Moving", "Moving\Moving.csproj", "{02362EC5-45AF-4B5F-98E4-F6B6FA35B5DC}"
EndProject
Global
	GlobalSection(SolutionConfigurationPlatforms) = preSolution
		Debug|Any CPU = Debug|Any CPU
		Release|Any CPU = Release|Any CPU
	EndGlobalSection
	GlobalSection(ProjectConfigurationPlatforms) = postSolution
		{02362EC5-45AF-4B5F-98E4-F6B6FA35B5DC}.Debug|Any CPU.ActiveCfg = Debug|Any CPU
		{02362EC5-45AF-4B5F-98E4-F6B6FA35B5DC}.Debug|Any CPU.Build.0 = Debug|Any CPU
		{02362EC5-45AF-4B5F-98E4-F6B6FA35B5DC}.Release|Any CPU.ActiveCfg = Release|Any CPU
		{02362EC5-45AF-4B5F-98E4-F6B6FA35B5DC}.Release|Any CPU.Build.0 = Release|Any CPU
	EndGlobalSection
	GlobalSection(SolutionProperties) = preSolution
		HideSolutionNode = FALSE
	EndGlobalSection
	GlobalSection(ExtensibilityGlobals) = postSolution
		SolutionGuid = {7C1C1E0E-ACEF-4474-82A4-EF77CEDDD909}
	EndGlobalSection
EndGlobal
