
Microsoft Visual Studio Solution File, Format Version 12.00
# Visual Studio Version 17
VisualStudioVersion = 17.9.34714.143
MinimumVisualStudioVersion = 10.0.40219.1
Project("{FAE04EC0-301F-11D3-BF4B-00C04F79EFBC}") = "Deposit Calculator", "Deposit Calculator\Deposit Calculator.csproj", "{065C494C-E1D8-405A-A8B0-45359AB11720}"
EndProject
Global
	GlobalSection(SolutionConfigurationPlatforms) = preSolution
		Debug|Any CPU = Debug|Any CPU
		Release|Any CPU = Release|Any CPU
	EndGlobalSection
	GlobalSection(ProjectConfigurationPlatforms) = postSolution
		{065C494C-E1D8-405A-A8B0-45359AB11720}.Debug|Any CPU.ActiveCfg = Debug|Any CPU
		{065C494C-E1D8-405A-A8B0-45359AB11720}.Debug|Any CPU.Build.0 = Debug|Any CPU
		{065C494C-E1D8-405A-A8B0-45359AB11720}.Release|Any CPU.ActiveCfg = Release|Any CPU
		{065C494C-E1D8-405A-A8B0-45359AB11720}.Release|Any CPU.Build.0 = Release|Any CPU
	EndGlobalSection
	GlobalSection(SolutionProperties) = preSolution
		HideSolutionNode = FALSE
	EndGlobalSection
	GlobalSection(ExtensibilityGlobals) = postSolution
		SolutionGuid = {FE74F459-76A5-45B6-99CD-0D7F8919B7E3}
	EndGlobalSection
EndGlobal
