
Microsoft Visual Studio Solution File, Format Version 12.00
# Visual Studio Version 17
VisualStudioVersion = 17.9.34714.143
MinimumVisualStudioVersion = 10.0.40219.1
Project("{FAE04EC0-301F-11D3-BF4B-00C04F79EFBC}") = "Excellent Result", "Excellent Result\Excellent Result.csproj", "{5176B72C-82D2-4442-8FB3-9CC466183363}"
EndProject
Global
	GlobalSection(SolutionConfigurationPlatforms) = preSolution
		Debug|Any CPU = Debug|Any CPU
		Release|Any CPU = Release|Any CPU
	EndGlobalSection
	GlobalSection(ProjectConfigurationPlatforms) = postSolution
		{5176B72C-82D2-4442-8FB3-9CC466183363}.Debug|Any CPU.ActiveCfg = Debug|Any CPU
		{5176B72C-82D2-4442-8FB3-9CC466183363}.Debug|Any CPU.Build.0 = Debug|Any CPU
		{5176B72C-82D2-4442-8FB3-9CC466183363}.Release|Any CPU.ActiveCfg = Release|Any CPU
		{5176B72C-82D2-4442-8FB3-9CC466183363}.Release|Any CPU.Build.0 = Release|Any CPU
	EndGlobalSection
	GlobalSection(SolutionProperties) = preSolution
		HideSolutionNode = FALSE
	EndGlobalSection
	GlobalSection(ExtensibilityGlobals) = postSolution
		SolutionGuid = {491CE7F7-9BEA-4231-AA54-19942C66AE4B}
	EndGlobalSection
EndGlobal
