
Microsoft Visual Studio Solution File, Format Version 12.00
# Visual Studio Version 17
VisualStudioVersion = 17.9.34714.143
MinimumVisualStudioVersion = 10.0.40219.1
Project("{FAE04EC0-301F-11D3-BF4B-00C04F79EFBC}") = "Sequence 2k+1", "Sequence 2k+1\Sequence 2k+1.csproj", "{BF909950-ECA2-48B0-9D24-CFFD103FC002}"
EndProject
Global
	GlobalSection(SolutionConfigurationPlatforms) = preSolution
		Debug|Any CPU = Debug|Any CPU
		Release|Any CPU = Release|Any CPU
	EndGlobalSection
	GlobalSection(ProjectConfigurationPlatforms) = postSolution
		{BF909950-ECA2-48B0-9D24-CFFD103FC002}.Debug|Any CPU.ActiveCfg = Debug|Any CPU
		{BF909950-ECA2-48B0-9D24-CFFD103FC002}.Debug|Any CPU.Build.0 = Debug|Any CPU
		{BF909950-ECA2-48B0-9D24-CFFD103FC002}.Release|Any CPU.ActiveCfg = Release|Any CPU
		{BF909950-ECA2-48B0-9D24-CFFD103FC002}.Release|Any CPU.Build.0 = Release|Any CPU
	EndGlobalSection
	GlobalSection(SolutionProperties) = preSolution
		HideSolutionNode = FALSE
	EndGlobalSection
	GlobalSection(ExtensibilityGlobals) = postSolution
		SolutionGuid = {39BC689B-3E5E-428D-86EE-D8FEA0814550}
	EndGlobalSection
EndGlobal
