
Microsoft Visual Studio Solution File, Format Version 12.00
# Visual Studio Version 17
VisualStudioVersion = 17.9.34714.143
MinimumVisualStudioVersion = 10.0.40219.1
Project("{FAE04EC0-301F-11D3-BF4B-00C04F79EFBC}") = "Greeting by Name", "Greeting by Name\Greeting by Name.csproj", "{B088648B-C849-4681-ABF5-57E1F255E982}"
EndProject
Global
	GlobalSection(SolutionConfigurationPlatforms) = preSolution
		Debug|Any CPU = Debug|Any CPU
		Release|Any CPU = Release|Any CPU
	EndGlobalSection
	GlobalSection(ProjectConfigurationPlatforms) = postSolution
		{B088648B-C849-4681-ABF5-57E1F255E982}.Debug|Any CPU.ActiveCfg = Debug|Any CPU
		{B088648B-C849-4681-ABF5-57E1F255E982}.Debug|Any CPU.Build.0 = Debug|Any CPU
		{B088648B-C849-4681-ABF5-57E1F255E982}.Release|Any CPU.ActiveCfg = Release|Any CPU
		{B088648B-C849-4681-ABF5-57E1F255E982}.Release|Any CPU.Build.0 = Release|Any CPU
	EndGlobalSection
	GlobalSection(SolutionProperties) = preSolution
		HideSolutionNode = FALSE
	EndGlobalSection
	GlobalSection(ExtensibilityGlobals) = postSolution
		SolutionGuid = {9FA5CF4B-155D-4C81-AE98-598AA6603953}
	EndGlobalSection
EndGlobal
