
Microsoft Visual Studio Solution File, Format Version 12.00
# Visual Studio Version 17
VisualStudioVersion = 17.9.34714.143
MinimumVisualStudioVersion = 10.0.40219.1
Project("{FAE04EC0-301F-11D3-BF4B-00C04F79EFBC}") = "Journey", "Journey\Journey.csproj", "{54A94E50-EBB0-4446-800B-9BFC9E8CF96F}"
EndProject
Global
	GlobalSection(SolutionConfigurationPlatforms) = preSolution
		Debug|Any CPU = Debug|Any CPU
		Release|Any CPU = Release|Any CPU
	EndGlobalSection
	GlobalSection(ProjectConfigurationPlatforms) = postSolution
		{54A94E50-EBB0-4446-800B-9BFC9E8CF96F}.Debug|Any CPU.ActiveCfg = Debug|Any CPU
		{54A94E50-EBB0-4446-800B-9BFC9E8CF96F}.Debug|Any CPU.Build.0 = Debug|Any CPU
		{54A94E50-EBB0-4446-800B-9BFC9E8CF96F}.Release|Any CPU.ActiveCfg = Release|Any CPU
		{54A94E50-EBB0-4446-800B-9BFC9E8CF96F}.Release|Any CPU.Build.0 = Release|Any CPU
	EndGlobalSection
	GlobalSection(SolutionProperties) = preSolution
		HideSolutionNode = FALSE
	EndGlobalSection
	GlobalSection(ExtensibilityGlobals) = postSolution
		SolutionGuid = {EB21B6B3-1026-4DBD-A53B-8EB3A3DA3D50}
	EndGlobalSection
EndGlobal
