
Microsoft Visual Studio Solution File, Format Version 12.00
# Visual Studio Version 17
VisualStudioVersion = 17.9.34714.143
MinimumVisualStudioVersion = 10.0.40219.1
Project("{FAE04EC0-301F-11D3-BF4B-00C04F79EFBC}") = "Animal Type", "Animal Type\Animal Type.csproj", "{EFCE2959-2231-4FB5-9C7B-1EC181F54352}"
EndProject
Global
	GlobalSection(SolutionConfigurationPlatforms) = preSolution
		Debug|Any CPU = Debug|Any CPU
		Release|Any CPU = Release|Any CPU
	EndGlobalSection
	GlobalSection(ProjectConfigurationPlatforms) = postSolution
		{EFCE2959-2231-4FB5-9C7B-1EC181F54352}.Debug|Any CPU.ActiveCfg = Debug|Any CPU
		{EFCE2959-2231-4FB5-9C7B-1EC181F54352}.Debug|Any CPU.Build.0 = Debug|Any CPU
		{EFCE2959-2231-4FB5-9C7B-1EC181F54352}.Release|Any CPU.ActiveCfg = Release|Any CPU
		{EFCE2959-2231-4FB5-9C7B-1EC181F54352}.Release|Any CPU.Build.0 = Release|Any CPU
	EndGlobalSection
	GlobalSection(SolutionProperties) = preSolution
		HideSolutionNode = FALSE
	EndGlobalSection
	GlobalSection(ExtensibilityGlobals) = postSolution
		SolutionGuid = {A228903E-06A1-46B2-9763-81AD63CE3CC3}
	EndGlobalSection
EndGlobal
