
Microsoft Visual Studio Solution File, Format Version 12.00
# Visual Studio Version 17
VisualStudioVersion = 17.9.34714.143
MinimumVisualStudioVersion = 10.0.40219.1
Project("{FAE04EC0-301F-11D3-BF4B-00C04F79EFBC}") = "Trekking Mania", "Trekking Mania\Trekking Mania.csproj", "{A3822313-35B4-466B-9D6F-15F68DC0E813}"
EndProject
Global
	GlobalSection(SolutionConfigurationPlatforms) = preSolution
		Debug|Any CPU = Debug|Any CPU
		Release|Any CPU = Release|Any CPU
	EndGlobalSection
	GlobalSection(ProjectConfigurationPlatforms) = postSolution
		{A3822313-35B4-466B-9D6F-15F68DC0E813}.Debug|Any CPU.ActiveCfg = Debug|Any CPU
		{A3822313-35B4-466B-9D6F-15F68DC0E813}.Debug|Any CPU.Build.0 = Debug|Any CPU
		{A3822313-35B4-466B-9D6F-15F68DC0E813}.Release|Any CPU.ActiveCfg = Release|Any CPU
		{A3822313-35B4-466B-9D6F-15F68DC0E813}.Release|Any CPU.Build.0 = Release|Any CPU
	EndGlobalSection
	GlobalSection(SolutionProperties) = preSolution
		HideSolutionNode = FALSE
	EndGlobalSection
	GlobalSection(ExtensibilityGlobals) = postSolution
		SolutionGuid = {496D29D2-CA98-4A49-8394-D05646C2E97F}
	EndGlobalSection
EndGlobal
