
Microsoft Visual Studio Solution File, Format Version 12.00
# Visual Studio Version 17
VisualStudioVersion = 17.9.34714.143
MinimumVisualStudioVersion = 10.0.40219.1
Project("{FAE04EC0-301F-11D3-BF4B-00C04F79EFBC}") = "Toy Shop", "Toy Shop\Toy Shop.csproj", "{B765C7A6-AD9D-4250-8B38-A4692537E94F}"
EndProject
Global
	GlobalSection(SolutionConfigurationPlatforms) = preSolution
		Debug|Any CPU = Debug|Any CPU
		Release|Any CPU = Release|Any CPU
	EndGlobalSection
	GlobalSection(ProjectConfigurationPlatforms) = postSolution
		{B765C7A6-AD9D-4250-8B38-A4692537E94F}.Debug|Any CPU.ActiveCfg = Debug|Any CPU
		{B765C7A6-AD9D-4250-8B38-A4692537E94F}.Debug|Any CPU.Build.0 = Debug|Any CPU
		{B765C7A6-AD9D-4250-8B38-A4692537E94F}.Release|Any CPU.ActiveCfg = Release|Any CPU
		{B765C7A6-AD9D-4250-8B38-A4692537E94F}.Release|Any CPU.Build.0 = Release|Any CPU
	EndGlobalSection
	GlobalSection(SolutionProperties) = preSolution
		HideSolutionNode = FALSE
	EndGlobalSection
	GlobalSection(ExtensibilityGlobals) = postSolution
		SolutionGuid = {2744473A-A687-4CA7-B68B-0AF9A5079F9A}
	EndGlobalSection
EndGlobal
