
Microsoft Visual Studio Solution File, Format Version 12.00
# Visual Studio Version 17
VisualStudioVersion = 17.9.34714.143
MinimumVisualStudioVersion = 10.0.40219.1
Project("{FAE04EC0-301F-11D3-BF4B-00C04F79EFBC}") = "Lunch Break", "Lunch Break\Lunch Break.csproj", "{85328BAE-E25A-4DAC-941E-30B9240C8314}"
EndProject
Global
	GlobalSection(SolutionConfigurationPlatforms) = preSolution
		Debug|Any CPU = Debug|Any CPU
		Release|Any CPU = Release|Any CPU
	EndGlobalSection
	GlobalSection(ProjectConfigurationPlatforms) = postSolution
		{85328BAE-E25A-4DAC-941E-30B9240C8314}.Debug|Any CPU.ActiveCfg = Debug|Any CPU
		{85328BAE-E25A-4DAC-941E-30B9240C8314}.Debug|Any CPU.Build.0 = Debug|Any CPU
		{85328BAE-E25A-4DAC-941E-30B9240C8314}.Release|Any CPU.ActiveCfg = Release|Any CPU
		{85328BAE-E25A-4DAC-941E-30B9240C8314}.Release|Any CPU.Build.0 = Release|Any CPU
	EndGlobalSection
	GlobalSection(SolutionProperties) = preSolution
		HideSolutionNode = FALSE
	EndGlobalSection
	GlobalSection(ExtensibilityGlobals) = postSolution
		SolutionGuid = {B216759C-356F-4165-B161-539CEFD1EBF2}
	EndGlobalSection
EndGlobal
