
Microsoft Visual Studio Solution File, Format Version 12.00
# Visual Studio Version 17
VisualStudioVersion = 17.9.34714.143
MinimumVisualStudioVersion = 10.0.40219.1
Project("{FAE04EC0-301F-11D3-BF4B-00C04F79EFBC}") = "World Swimming Record", "World Swimming Record\World Swimming Record.csproj", "{79FBA41B-4AF2-4D24-A999-4BE07C33120E}"
EndProject
Global
	GlobalSection(SolutionConfigurationPlatforms) = preSolution
		Debug|Any CPU = Debug|Any CPU
		Release|Any CPU = Release|Any CPU
	EndGlobalSection
	GlobalSection(ProjectConfigurationPlatforms) = postSolution
		{79FBA41B-4AF2-4D24-A999-4BE07C33120E}.Debug|Any CPU.ActiveCfg = Debug|Any CPU
		{79FBA41B-4AF2-4D24-A999-4BE07C33120E}.Debug|Any CPU.Build.0 = Debug|Any CPU
		{79FBA41B-4AF2-4D24-A999-4BE07C33120E}.Release|Any CPU.ActiveCfg = Release|Any CPU
		{79FBA41B-4AF2-4D24-A999-4BE07C33120E}.Release|Any CPU.Build.0 = Release|Any CPU
	EndGlobalSection
	GlobalSection(SolutionProperties) = preSolution
		HideSolutionNode = FALSE
	EndGlobalSection
	GlobalSection(ExtensibilityGlobals) = postSolution
		SolutionGuid = {E911ACB3-6C9E-44F4-BCEA-6C0ECE22B9F6}
	EndGlobalSection
EndGlobal
