
Microsoft Visual Studio Solution File, Format Version 12.00
# Visual Studio Version 17
VisualStudioVersion = 17.9.34714.143
MinimumVisualStudioVersion = 10.0.40219.1
Project("{9A19103F-16F7-4668-BE54-9A1E7A4F7556}") = "Godzilla vs. Kong", "Godlla vs. Kong\Godzilla vs. Kong.csproj", "{86CFCCA6-B4EE-4AC2-AA1D-6907E673D346}"
EndProject
Global
	GlobalSection(SolutionConfigurationPlatforms) = preSolution
		Debug|Any CPU = Debug|Any CPU
		Release|Any CPU = Release|Any CPU
	EndGlobalSection
	GlobalSection(ProjectConfigurationPlatforms) = postSolution
		{86CFCCA6-B4EE-4AC2-AA1D-6907E673D346}.Debug|Any CPU.ActiveCfg = Debug|Any CPU
		{86CFCCA6-B4EE-4AC2-AA1D-6907E673D346}.Debug|Any CPU.Build.0 = Debug|Any CPU
		{86CFCCA6-B4EE-4AC2-AA1D-6907E673D346}.Release|Any CPU.ActiveCfg = Release|Any CPU
		{86CFCCA6-B4EE-4AC2-AA1D-6907E673D346}.Release|Any CPU.Build.0 = Release|Any CPU
	EndGlobalSection
	GlobalSection(SolutionProperties) = preSolution
		HideSolutionNode = FALSE
	EndGlobalSection
	GlobalSection(ExtensibilityGlobals) = postSolution
		SolutionGuid = {869F4619-E567-43AC-8534-C89D16DB89C8}
	EndGlobalSection
EndGlobal
